
Microsoft Visual Studio Solution File, Format Version 11.00
# Visual Studio 2010
Project("{F184B08F-C81C-45F6-A57F-5ABD9991F28F}") = "SistemaGenerico", "SistemaGenerico\SistemaGenerico.vbproj", "{4BF769C7-A936-4133-95DD-124E187C4352}"
EndProject
Global
	GlobalSection(SolutionConfigurationPlatforms) = preSolution
		Debug|x86 = Debug|x86
		Release|x86 = Release|x86
	EndGlobalSection
	GlobalSection(ProjectConfigurationPlatforms) = postSolution
		{4BF769C7-A936-4133-95DD-124E187C4352}.Debug|x86.ActiveCfg = Debug|x86
		{4BF769C7-A936-4133-95DD-124E187C4352}.Debug|x86.Build.0 = Debug|x86
		{4BF769C7-A936-4133-95DD-124E187C4352}.Release|x86.ActiveCfg = Release|x86
		{4BF769C7-A936-4133-95DD-124E187C4352}.Release|x86.Build.0 = Release|x86
	EndGlobalSection
	GlobalSection(SolutionProperties) = preSolution
		HideSolutionNode = FALSE
	EndGlobalSection
EndGlobal
